
Microsoft Visual Studio Solution File, Format Version 12.00
Project("{FAE04EC0-301F-11D3-BF4B-00C04F79EFBC}") = "NotenPro", "NotenPro\NotenPro.csproj", "{25530B53-BC1D-4079-BA4B-404B169EBEC0}"
EndProject
Project("{FAE04EC0-301F-11D3-BF4B-00C04F79EFBC}") = "NotenPro.Api", "NotenPro.Api\NotenPro.Api.csproj", "{5FC61491-26E0-47EC-8331-42093E06B2B4}"
EndProject
Project("{FAE04EC0-301F-11D3-BF4B-00C04F79EFBC}") = "NotenPro.Shared", "NotenPro.Shared\NotenPro.Shared.csproj", "{C8A27D81-1A76-414B-8347-64217EEA7D0E}"
EndProject
Global
	GlobalSection(SolutionConfigurationPlatforms) = preSolution
		Debug|Any CPU = Debug|Any CPU
		Release|Any CPU = Release|Any CPU
	EndGlobalSection
	GlobalSection(ProjectConfigurationPlatforms) = postSolution
		{25530B53-BC1D-4079-BA4B-404B169EBEC0}.Debug|Any CPU.ActiveCfg = Debug|Any CPU
		{25530B53-BC1D-4079-BA4B-404B169EBEC0}.Debug|Any CPU.Build.0 = Debug|Any CPU
		{25530B53-BC1D-4079-BA4B-404B169EBEC0}.Release|Any CPU.ActiveCfg = Release|Any CPU
		{25530B53-BC1D-4079-BA4B-404B169EBEC0}.Release|Any CPU.Build.0 = Release|Any CPU
		{5FC61491-26E0-47EC-8331-42093E06B2B4}.Debug|Any CPU.ActiveCfg = Debug|Any CPU
		{5FC61491-26E0-47EC-8331-42093E06B2B4}.Debug|Any CPU.Build.0 = Debug|Any CPU
		{5FC61491-26E0-47EC-8331-42093E06B2B4}.Release|Any CPU.ActiveCfg = Release|Any CPU
		{5FC61491-26E0-47EC-8331-42093E06B2B4}.Release|Any CPU.Build.0 = Release|Any CPU
		{C8A27D81-1A76-414B-8347-64217EEA7D0E}.Debug|Any CPU.ActiveCfg = Debug|Any CPU
		{C8A27D81-1A76-414B-8347-64217EEA7D0E}.Debug|Any CPU.Build.0 = Debug|Any CPU
		{C8A27D81-1A76-414B-8347-64217EEA7D0E}.Release|Any CPU.ActiveCfg = Release|Any CPU
		{C8A27D81-1A76-414B-8347-64217EEA7D0E}.Release|Any CPU.Build.0 = Release|Any CPU
	EndGlobalSection
EndGlobal
